
Microsoft Visual Studio Solution File, Format Version 12.00
# Visual Studio 15
VisualStudioVersion = 15.0.27004.2009
MinimumVisualStudioVersion = 10.0.40219.1
Project("{9A19103F-16F7-4668-BE54-9A1E7A4F7556}") = "MySpecialApp", "MySpecialApp\MySpecialApp.csproj", "{23CDE01E-75F0-41A3-A6B5-19377786F4DE}"
EndProject
Project("{FAE04EC0-301F-11D3-BF4B-00C04F79EFBC}") = "SoftUniDependencyInjection.Part2", "SoftUniDependencyInjection.Part2\SoftUniDependencyInjection.Part2.csproj", "{5DA2AF54-2B37-4B3E-82B7-A6D41D38F0E5}"
EndProject
Global
	GlobalSection(SolutionConfigurationPlatforms) = preSolution
		Debug|Any CPU = Debug|Any CPU
		Release|Any CPU = Release|Any CPU
	EndGlobalSection
	GlobalSection(ProjectConfigurationPlatforms) = postSolution
		{23CDE01E-75F0-41A3-A6B5-19377786F4DE}.Debug|Any CPU.ActiveCfg = Debug|Any CPU
		{23CDE01E-75F0-41A3-A6B5-19377786F4DE}.Debug|Any CPU.Build.0 = Debug|Any CPU
		{23CDE01E-75F0-41A3-A6B5-19377786F4DE}.Release|Any CPU.ActiveCfg = Release|Any CPU
		{23CDE01E-75F0-41A3-A6B5-19377786F4DE}.Release|Any CPU.Build.0 = Release|Any CPU
		{5DA2AF54-2B37-4B3E-82B7-A6D41D38F0E5}.Debug|Any CPU.ActiveCfg = Debug|Any CPU
		{5DA2AF54-2B37-4B3E-82B7-A6D41D38F0E5}.Debug|Any CPU.Build.0 = Debug|Any CPU
		{5DA2AF54-2B37-4B3E-82B7-A6D41D38F0E5}.Release|Any CPU.ActiveCfg = Release|Any CPU
		{5DA2AF54-2B37-4B3E-82B7-A6D41D38F0E5}.Release|Any CPU.Build.0 = Release|Any CPU
	EndGlobalSection
	GlobalSection(SolutionProperties) = preSolution
		HideSolutionNode = FALSE
	EndGlobalSection
	GlobalSection(ExtensibilityGlobals) = postSolution
		SolutionGuid = {F7921211-16FD-4AFC-9072-7885B8AFF548}
	EndGlobalSection
EndGlobal
