
Microsoft Visual Studio Solution File, Format Version 12.00
# Visual Studio 15
VisualStudioVersion = 15.0.28010.2050
MinimumVisualStudioVersion = 10.0.40219.1
Project("{9A19103F-16F7-4668-BE54-9A1E7A4F7556}") = "HarvestingFields", "HarvestingFields\HarvestingFields.csproj", "{6C335904-50E1-4AFD-8AE6-E38D1900087A}"
EndProject
Project("{9A19103F-16F7-4668-BE54-9A1E7A4F7556}") = "BlackBoxInteger", "BlackBoxInteger\BlackBoxInteger.csproj", "{AD6A3002-36AA-44E7-8EF8-E27D1A6028A1}"
EndProject
Project("{9A19103F-16F7-4668-BE54-9A1E7A4F7556}") = "BarrackWars", "BarrackWarsANewFactory\BarrackWars.csproj", "{9E46E08C-3C41-4751-8C37-E3AA4324AF2B}"
EndProject
Project("{FAE04EC0-301F-11D3-BF4B-00C04F79EFBC}") = "TrafficLights", "TrafficLights\TrafficLights.csproj", "{9BA4F3D4-5FDB-43B4-8235-6C84EE6F41D9}"
EndProject
Project("{FAE04EC0-301F-11D3-BF4B-00C04F79EFBC}") = "InfernoInfinity", "InfernoInfinity\InfernoInfinity.csproj", "{25834BCA-CACC-4F7D-87AD-629F8DB27EB7}"
EndProject
Project("{FAE04EC0-301F-11D3-BF4B-00C04F79EFBC}") = "CreateCustomClassAttribute", "CreateCustomClassAttribute\CreateCustomClassAttribute.csproj", "{8C13C60A-A230-4B68-98E3-4E089C51EC82}"
EndProject
Global
	GlobalSection(SolutionConfigurationPlatforms) = preSolution
		Debug|Any CPU = Debug|Any CPU
		Release|Any CPU = Release|Any CPU
	EndGlobalSection
	GlobalSection(ProjectConfigurationPlatforms) = postSolution
		{6C335904-50E1-4AFD-8AE6-E38D1900087A}.Debug|Any CPU.ActiveCfg = Debug|Any CPU
		{6C335904-50E1-4AFD-8AE6-E38D1900087A}.Debug|Any CPU.Build.0 = Debug|Any CPU
		{6C335904-50E1-4AFD-8AE6-E38D1900087A}.Release|Any CPU.ActiveCfg = Release|Any CPU
		{6C335904-50E1-4AFD-8AE6-E38D1900087A}.Release|Any CPU.Build.0 = Release|Any CPU
		{AD6A3002-36AA-44E7-8EF8-E27D1A6028A1}.Debug|Any CPU.ActiveCfg = Debug|Any CPU
		{AD6A3002-36AA-44E7-8EF8-E27D1A6028A1}.Debug|Any CPU.Build.0 = Debug|Any CPU
		{AD6A3002-36AA-44E7-8EF8-E27D1A6028A1}.Release|Any CPU.ActiveCfg = Release|Any CPU
		{AD6A3002-36AA-44E7-8EF8-E27D1A6028A1}.Release|Any CPU.Build.0 = Release|Any CPU
		{9E46E08C-3C41-4751-8C37-E3AA4324AF2B}.Debug|Any CPU.ActiveCfg = Debug|Any CPU
		{9E46E08C-3C41-4751-8C37-E3AA4324AF2B}.Debug|Any CPU.Build.0 = Debug|Any CPU
		{9E46E08C-3C41-4751-8C37-E3AA4324AF2B}.Release|Any CPU.ActiveCfg = Release|Any CPU
		{9E46E08C-3C41-4751-8C37-E3AA4324AF2B}.Release|Any CPU.Build.0 = Release|Any CPU
		{9BA4F3D4-5FDB-43B4-8235-6C84EE6F41D9}.Debug|Any CPU.ActiveCfg = Debug|Any CPU
		{9BA4F3D4-5FDB-43B4-8235-6C84EE6F41D9}.Debug|Any CPU.Build.0 = Debug|Any CPU
		{9BA4F3D4-5FDB-43B4-8235-6C84EE6F41D9}.Release|Any CPU.ActiveCfg = Release|Any CPU
		{9BA4F3D4-5FDB-43B4-8235-6C84EE6F41D9}.Release|Any CPU.Build.0 = Release|Any CPU
		{25834BCA-CACC-4F7D-87AD-629F8DB27EB7}.Debug|Any CPU.ActiveCfg = Debug|Any CPU
		{25834BCA-CACC-4F7D-87AD-629F8DB27EB7}.Debug|Any CPU.Build.0 = Debug|Any CPU
		{25834BCA-CACC-4F7D-87AD-629F8DB27EB7}.Release|Any CPU.ActiveCfg = Release|Any CPU
		{25834BCA-CACC-4F7D-87AD-629F8DB27EB7}.Release|Any CPU.Build.0 = Release|Any CPU
		{8C13C60A-A230-4B68-98E3-4E089C51EC82}.Debug|Any CPU.ActiveCfg = Debug|Any CPU
		{8C13C60A-A230-4B68-98E3-4E089C51EC82}.Debug|Any CPU.Build.0 = Debug|Any CPU
		{8C13C60A-A230-4B68-98E3-4E089C51EC82}.Release|Any CPU.ActiveCfg = Release|Any CPU
		{8C13C60A-A230-4B68-98E3-4E089C51EC82}.Release|Any CPU.Build.0 = Release|Any CPU
	EndGlobalSection
	GlobalSection(SolutionProperties) = preSolution
		HideSolutionNode = FALSE
	EndGlobalSection
	GlobalSection(ExtensibilityGlobals) = postSolution
		SolutionGuid = {5965C57A-60A5-4C8B-BA3E-94D8049A7306}
	EndGlobalSection
EndGlobal
