
Microsoft Visual Studio Solution File, Format Version 12.00
# Visual Studio 15
VisualStudioVersion = 15.0.28010.2050
MinimumVisualStudioVersion = 10.0.40219.1
Project("{FAE04EC0-301F-11D3-BF4B-00C04F79EFBC}") = "Library", "Library\Library.csproj", "{862F8AB4-B529-4491-9CBE-8FDAB4EDA62F}"
EndProject
Project("{FAE04EC0-301F-11D3-BF4B-00C04F79EFBC}") = "LibraryIterator", "LibraryIterator\LibraryIterator.csproj", "{BBBD0B9E-ACD7-4297-8F83-46B61DD1EDC2}"
EndProject
Project("{FAE04EC0-301F-11D3-BF4B-00C04F79EFBC}") = "ComparableBook", "ComparableBook\ComparableBook.csproj", "{C1A07C91-656B-491D-8117-F14208FB1A0F}"
EndProject
Project("{FAE04EC0-301F-11D3-BF4B-00C04F79EFBC}") = "BookComparer", "BookComparer\BookComparer.csproj", "{6D1F51FB-7D52-4FAA-9FDA-5FEB850725EA}"
EndProject
Global
	GlobalSection(SolutionConfigurationPlatforms) = preSolution
		Debug|Any CPU = Debug|Any CPU
		Release|Any CPU = Release|Any CPU
	EndGlobalSection
	GlobalSection(ProjectConfigurationPlatforms) = postSolution
		{862F8AB4-B529-4491-9CBE-8FDAB4EDA62F}.Debug|Any CPU.ActiveCfg = Debug|Any CPU
		{862F8AB4-B529-4491-9CBE-8FDAB4EDA62F}.Debug|Any CPU.Build.0 = Debug|Any CPU
		{862F8AB4-B529-4491-9CBE-8FDAB4EDA62F}.Release|Any CPU.ActiveCfg = Release|Any CPU
		{862F8AB4-B529-4491-9CBE-8FDAB4EDA62F}.Release|Any CPU.Build.0 = Release|Any CPU
		{BBBD0B9E-ACD7-4297-8F83-46B61DD1EDC2}.Debug|Any CPU.ActiveCfg = Debug|Any CPU
		{BBBD0B9E-ACD7-4297-8F83-46B61DD1EDC2}.Debug|Any CPU.Build.0 = Debug|Any CPU
		{BBBD0B9E-ACD7-4297-8F83-46B61DD1EDC2}.Release|Any CPU.ActiveCfg = Release|Any CPU
		{BBBD0B9E-ACD7-4297-8F83-46B61DD1EDC2}.Release|Any CPU.Build.0 = Release|Any CPU
		{C1A07C91-656B-491D-8117-F14208FB1A0F}.Debug|Any CPU.ActiveCfg = Debug|Any CPU
		{C1A07C91-656B-491D-8117-F14208FB1A0F}.Debug|Any CPU.Build.0 = Debug|Any CPU
		{C1A07C91-656B-491D-8117-F14208FB1A0F}.Release|Any CPU.ActiveCfg = Release|Any CPU
		{C1A07C91-656B-491D-8117-F14208FB1A0F}.Release|Any CPU.Build.0 = Release|Any CPU
		{6D1F51FB-7D52-4FAA-9FDA-5FEB850725EA}.Debug|Any CPU.ActiveCfg = Debug|Any CPU
		{6D1F51FB-7D52-4FAA-9FDA-5FEB850725EA}.Debug|Any CPU.Build.0 = Debug|Any CPU
		{6D1F51FB-7D52-4FAA-9FDA-5FEB850725EA}.Release|Any CPU.ActiveCfg = Release|Any CPU
		{6D1F51FB-7D52-4FAA-9FDA-5FEB850725EA}.Release|Any CPU.Build.0 = Release|Any CPU
	EndGlobalSection
	GlobalSection(SolutionProperties) = preSolution
		HideSolutionNode = FALSE
	EndGlobalSection
	GlobalSection(ExtensibilityGlobals) = postSolution
		SolutionGuid = {61325877-7F03-4B30-B99E-F378E5EA3D1C}
	EndGlobalSection
EndGlobal
