Microsoft Visual Studio Solution File, Format Version 12.00
# Visual Studio 15
VisualStudioVersion = 15.0.27130.2036
MinimumVisualStudioVersion = 10.0.40219.1
Project("{9A19103F-16F7-4668-BE54-9A1E7A4F7556}") = "Travel", "Travel\Travel.csproj", "{61441E0A-A627-47E5-AA52-3DBD4D36B9C1}"
EndProject
Project("{9A19103F-16F7-4668-BE54-9A1E7A4F7556}") = "Travel.UserTests", "Travel.UserTests\Travel.UserTests.csproj", "{6CD6E51D-E4EA-4712-87E4-F4CC9E95AAAE}"
EndProject
Global
	GlobalSection(SolutionConfigurationPlatforms) = preSolution
		Debug|Any CPU = Debug|Any CPU
		Debug|x64 = Debug|x64
		Debug|x86 = Debug|x86
		Release|Any CPU = Release|Any CPU
		Release|x64 = Release|x64
		Release|x86 = Release|x86
		Test|Any CPU = Test|Any CPU
		Test|x64 = Test|x64
		Test|x86 = Test|x86
	EndGlobalSection
	GlobalSection(ProjectConfigurationPlatforms) = postSolution
		{61441E0A-A627-47E5-AA52-3DBD4D36B9C1}.Debug|Any CPU.ActiveCfg = Debug|Any CPU
		{61441E0A-A627-47E5-AA52-3DBD4D36B9C1}.Debug|Any CPU.Build.0 = Debug|Any CPU
		{61441E0A-A627-47E5-AA52-3DBD4D36B9C1}.Debug|x64.ActiveCfg = Debug|Any CPU
		{61441E0A-A627-47E5-AA52-3DBD4D36B9C1}.Debug|x64.Build.0 = Debug|Any CPU
		{61441E0A-A627-47E5-AA52-3DBD4D36B9C1}.Debug|x86.ActiveCfg = Debug|Any CPU
		{61441E0A-A627-47E5-AA52-3DBD4D36B9C1}.Debug|x86.Build.0 = Debug|Any CPU
		{61441E0A-A627-47E5-AA52-3DBD4D36B9C1}.Release|Any CPU.ActiveCfg = Release|Any CPU
		{61441E0A-A627-47E5-AA52-3DBD4D36B9C1}.Release|Any CPU.Build.0 = Release|Any CPU
		{61441E0A-A627-47E5-AA52-3DBD4D36B9C1}.Release|x64.ActiveCfg = Release|Any CPU
		{61441E0A-A627-47E5-AA52-3DBD4D36B9C1}.Release|x64.Build.0 = Release|Any CPU
		{61441E0A-A627-47E5-AA52-3DBD4D36B9C1}.Release|x86.ActiveCfg = Release|Any CPU
		{61441E0A-A627-47E5-AA52-3DBD4D36B9C1}.Release|x86.Build.0 = Release|Any CPU
		{61441E0A-A627-47E5-AA52-3DBD4D36B9C1}.Test|Any CPU.ActiveCfg = Release|Any CPU
		{61441E0A-A627-47E5-AA52-3DBD4D36B9C1}.Test|Any CPU.Build.0 = Release|Any CPU
		{61441E0A-A627-47E5-AA52-3DBD4D36B9C1}.Test|x64.ActiveCfg = Release|Any CPU
		{61441E0A-A627-47E5-AA52-3DBD4D36B9C1}.Test|x64.Build.0 = Release|Any CPU
		{61441E0A-A627-47E5-AA52-3DBD4D36B9C1}.Test|x86.ActiveCfg = Release|Any CPU
		{61441E0A-A627-47E5-AA52-3DBD4D36B9C1}.Test|x86.Build.0 = Release|Any CPU
		{6CD6E51D-E4EA-4712-87E4-F4CC9E95AAAE}.Debug|Any CPU.ActiveCfg = Debug|Any CPU
		{6CD6E51D-E4EA-4712-87E4-F4CC9E95AAAE}.Debug|Any CPU.Build.0 = Debug|Any CPU
		{6CD6E51D-E4EA-4712-87E4-F4CC9E95AAAE}.Debug|x64.ActiveCfg = Debug|Any CPU
		{6CD6E51D-E4EA-4712-87E4-F4CC9E95AAAE}.Debug|x64.Build.0 = Debug|Any CPU
		{6CD6E51D-E4EA-4712-87E4-F4CC9E95AAAE}.Debug|x86.ActiveCfg = Debug|Any CPU
		{6CD6E51D-E4EA-4712-87E4-F4CC9E95AAAE}.Debug|x86.Build.0 = Debug|Any CPU
		{6CD6E51D-E4EA-4712-87E4-F4CC9E95AAAE}.Release|Any CPU.ActiveCfg = Release|Any CPU
		{6CD6E51D-E4EA-4712-87E4-F4CC9E95AAAE}.Release|Any CPU.Build.0 = Release|Any CPU
		{6CD6E51D-E4EA-4712-87E4-F4CC9E95AAAE}.Release|x64.ActiveCfg = Release|Any CPU
		{6CD6E51D-E4EA-4712-87E4-F4CC9E95AAAE}.Release|x64.Build.0 = Release|Any CPU
		{6CD6E51D-E4EA-4712-87E4-F4CC9E95AAAE}.Release|x86.ActiveCfg = Release|Any CPU
		{6CD6E51D-E4EA-4712-87E4-F4CC9E95AAAE}.Release|x86.Build.0 = Release|Any CPU
		{6CD6E51D-E4EA-4712-87E4-F4CC9E95AAAE}.Test|Any CPU.ActiveCfg = Release|Any CPU
		{6CD6E51D-E4EA-4712-87E4-F4CC9E95AAAE}.Test|Any CPU.Build.0 = Release|Any CPU
		{6CD6E51D-E4EA-4712-87E4-F4CC9E95AAAE}.Test|x64.ActiveCfg = Release|Any CPU
		{6CD6E51D-E4EA-4712-87E4-F4CC9E95AAAE}.Test|x64.Build.0 = Release|Any CPU
		{6CD6E51D-E4EA-4712-87E4-F4CC9E95AAAE}.Test|x86.ActiveCfg = Release|Any CPU
		{6CD6E51D-E4EA-4712-87E4-F4CC9E95AAAE}.Test|x86.Build.0 = Release|Any CPU
	EndGlobalSection
	GlobalSection(SolutionProperties) = preSolution
		HideSolutionNode = FALSE
	EndGlobalSection
	GlobalSection(ExtensibilityGlobals) = postSolution
		SolutionGuid = {7CD47878-C49F-4C5A-97D0-A66444EF6E0F}
	EndGlobalSection
EndGlobal
